
Microsoft Visual Studio Solution File, Format Version 12.00
# Visual Studio Version 17
VisualStudioVersion = 17.9.34728.123
MinimumVisualStudioVersion = 10.0.40219.1
Project("{9A19103F-16F7-4668-BE54-9A1E7A4F7556}") = "API", "src\API\API.csproj", "{9EBAE4D7-74EF-4395-B9AF-0FDC834AA55A}"
EndProject
Project("{9A19103F-16F7-4668-BE54-9A1E7A4F7556}") = "Core", "src\Domain\Core\Core.csproj", "{86EEE25A-A4CF-4087-BAF5-B422B5309B8F}"
EndProject
Project("{9A19103F-16F7-4668-BE54-9A1E7A4F7556}") = "Infrastructure", "src\Infrastructure\Infrastructure.csproj", "{AD2DCC0F-3B13-4277-AC27-763240871CFF}"
EndProject
Project("{9A19103F-16F7-4668-BE54-9A1E7A4F7556}") = "Contracts", "src\Domain\Contracts\Contracts.csproj", "{090AC79E-60BC-4563-9DB3-343375B920F8}"
EndProject
Project("{9A19103F-16F7-4668-BE54-9A1E7A4F7556}") = "Application", "src\Application\Application.csproj", "{D3F024F4-0D7A-4466-8F3C-4B9FCB716823}"
EndProject
Project("{2150E333-8FDC-42A3-9474-1A3956D46DE8}") = "server", "server", "{D5CB37F6-54E7-4598-A606-E57A370969E1}"
EndProject
Project("{2150E333-8FDC-42A3-9474-1A3956D46DE8}") = "src", "src", "{02EA681E-C7D8-13C7-8484-4AC65E1B71E8}"
EndProject
Project("{2150E333-8FDC-42A3-9474-1A3956D46DE8}") = "tests", "tests", "{68B66CC5-808C-41BA-92A7-A7E9A8D1BBE5}"
EndProject
Project("{2150E333-8FDC-42A3-9474-1A3956D46DE8}") = "Domain", "Domain", "{3D7AE22E-BBBC-4962-8440-C8DE3BEB65DE}"
EndProject
Project("{2150E333-8FDC-42A3-9474-1A3956D46DE8}") = "integration", "integration", "{28A6993C-471E-82FE-7D9E-AD3B1EC22BD9}"
EndProject
Project("{2150E333-8FDC-42A3-9474-1A3956D46DE8}") = "unit", "unit", "{6E4630D2-7E0C-4E55-9C41-1B4D7B6D8A51}"
EndProject
Project("{FAE04EC0-301F-11D3-BF4B-00C04F79EFBC}") = "Database", "tests\integration\Database\Database.csproj", "{169B6128-9905-4453-AF1B-65D0B387FF08}"
EndProject
Global
	GlobalSection(SolutionConfigurationPlatforms) = preSolution
		Debug|Any CPU = Debug|Any CPU
		Debug|x64 = Debug|x64
		Debug|x86 = Debug|x86
		Release|Any CPU = Release|Any CPU
		Release|x64 = Release|x64
		Release|x86 = Release|x86
	EndGlobalSection
	GlobalSection(ProjectConfigurationPlatforms) = postSolution
		{9EBAE4D7-74EF-4395-B9AF-0FDC834AA55A}.Debug|Any CPU.ActiveCfg = Debug|Any CPU
		{9EBAE4D7-74EF-4395-B9AF-0FDC834AA55A}.Debug|Any CPU.Build.0 = Debug|Any CPU
		{9EBAE4D7-74EF-4395-B9AF-0FDC834AA55A}.Debug|x64.ActiveCfg = Debug|Any CPU
		{9EBAE4D7-74EF-4395-B9AF-0FDC834AA55A}.Debug|x64.Build.0 = Debug|Any CPU
		{9EBAE4D7-74EF-4395-B9AF-0FDC834AA55A}.Debug|x86.ActiveCfg = Debug|Any CPU
		{9EBAE4D7-74EF-4395-B9AF-0FDC834AA55A}.Debug|x86.Build.0 = Debug|Any CPU
		{9EBAE4D7-74EF-4395-B9AF-0FDC834AA55A}.Release|Any CPU.ActiveCfg = Release|Any CPU
		{9EBAE4D7-74EF-4395-B9AF-0FDC834AA55A}.Release|Any CPU.Build.0 = Release|Any CPU
		{9EBAE4D7-74EF-4395-B9AF-0FDC834AA55A}.Release|x64.ActiveCfg = Release|Any CPU
		{9EBAE4D7-74EF-4395-B9AF-0FDC834AA55A}.Release|x64.Build.0 = Release|Any CPU
		{9EBAE4D7-74EF-4395-B9AF-0FDC834AA55A}.Release|x86.ActiveCfg = Release|Any CPU
		{9EBAE4D7-74EF-4395-B9AF-0FDC834AA55A}.Release|x86.Build.0 = Release|Any CPU
		{86EEE25A-A4CF-4087-BAF5-B422B5309B8F}.Debug|Any CPU.ActiveCfg = Debug|Any CPU
		{86EEE25A-A4CF-4087-BAF5-B422B5309B8F}.Debug|Any CPU.Build.0 = Debug|Any CPU
		{86EEE25A-A4CF-4087-BAF5-B422B5309B8F}.Debug|x64.ActiveCfg = Debug|Any CPU
		{86EEE25A-A4CF-4087-BAF5-B422B5309B8F}.Debug|x64.Build.0 = Debug|Any CPU
		{86EEE25A-A4CF-4087-BAF5-B422B5309B8F}.Debug|x86.ActiveCfg = Debug|Any CPU
		{86EEE25A-A4CF-4087-BAF5-B422B5309B8F}.Debug|x86.Build.0 = Debug|Any CPU
		{86EEE25A-A4CF-4087-BAF5-B422B5309B8F}.Release|Any CPU.ActiveCfg = Release|Any CPU
		{86EEE25A-A4CF-4087-BAF5-B422B5309B8F}.Release|Any CPU.Build.0 = Release|Any CPU
		{86EEE25A-A4CF-4087-BAF5-B422B5309B8F}.Release|x64.ActiveCfg = Release|Any CPU
		{86EEE25A-A4CF-4087-BAF5-B422B5309B8F}.Release|x64.Build.0 = Release|Any CPU
		{86EEE25A-A4CF-4087-BAF5-B422B5309B8F}.Release|x86.ActiveCfg = Release|Any CPU
		{86EEE25A-A4CF-4087-BAF5-B422B5309B8F}.Release|x86.Build.0 = Release|Any CPU
		{AD2DCC0F-3B13-4277-AC27-763240871CFF}.Debug|Any CPU.ActiveCfg = Debug|Any CPU
		{AD2DCC0F-3B13-4277-AC27-763240871CFF}.Debug|Any CPU.Build.0 = Debug|Any CPU
		{AD2DCC0F-3B13-4277-AC27-763240871CFF}.Debug|x64.ActiveCfg = Debug|Any CPU
		{AD2DCC0F-3B13-4277-AC27-763240871CFF}.Debug|x64.Build.0 = Debug|Any CPU
		{AD2DCC0F-3B13-4277-AC27-763240871CFF}.Debug|x86.ActiveCfg = Debug|Any CPU
		{AD2DCC0F-3B13-4277-AC27-763240871CFF}.Debug|x86.Build.0 = Debug|Any CPU
		{AD2DCC0F-3B13-4277-AC27-763240871CFF}.Release|Any CPU.ActiveCfg = Release|Any CPU
		{AD2DCC0F-3B13-4277-AC27-763240871CFF}.Release|Any CPU.Build.0 = Release|Any CPU
		{AD2DCC0F-3B13-4277-AC27-763240871CFF}.Release|x64.ActiveCfg = Release|Any CPU
		{AD2DCC0F-3B13-4277-AC27-763240871CFF}.Release|x64.Build.0 = Release|Any CPU
		{AD2DCC0F-3B13-4277-AC27-763240871CFF}.Release|x86.ActiveCfg = Release|Any CPU
		{AD2DCC0F-3B13-4277-AC27-763240871CFF}.Release|x86.Build.0 = Release|Any CPU
		{090AC79E-60BC-4563-9DB3-343375B920F8}.Debug|Any CPU.ActiveCfg = Debug|Any CPU
		{090AC79E-60BC-4563-9DB3-343375B920F8}.Debug|Any CPU.Build.0 = Debug|Any CPU
		{090AC79E-60BC-4563-9DB3-343375B920F8}.Debug|x64.ActiveCfg = Debug|Any CPU
		{090AC79E-60BC-4563-9DB3-343375B920F8}.Debug|x64.Build.0 = Debug|Any CPU
		{090AC79E-60BC-4563-9DB3-343375B920F8}.Debug|x86.ActiveCfg = Debug|Any CPU
		{090AC79E-60BC-4563-9DB3-343375B920F8}.Debug|x86.Build.0 = Debug|Any CPU
		{090AC79E-60BC-4563-9DB3-343375B920F8}.Release|Any CPU.ActiveCfg = Release|Any CPU
		{090AC79E-60BC-4563-9DB3-343375B920F8}.Release|Any CPU.Build.0 = Release|Any CPU
		{090AC79E-60BC-4563-9DB3-343375B920F8}.Release|x64.ActiveCfg = Release|Any CPU
		{090AC79E-60BC-4563-9DB3-343375B920F8}.Release|x64.Build.0 = Release|Any CPU
		{090AC79E-60BC-4563-9DB3-343375B920F8}.Release|x86.ActiveCfg = Release|Any CPU
		{090AC79E-60BC-4563-9DB3-343375B920F8}.Release|x86.Build.0 = Release|Any CPU
		{D3F024F4-0D7A-4466-8F3C-4B9FCB716823}.Debug|Any CPU.ActiveCfg = Debug|Any CPU
		{D3F024F4-0D7A-4466-8F3C-4B9FCB716823}.Debug|Any CPU.Build.0 = Debug|Any CPU
		{D3F024F4-0D7A-4466-8F3C-4B9FCB716823}.Debug|x64.ActiveCfg = Debug|Any CPU
		{D3F024F4-0D7A-4466-8F3C-4B9FCB716823}.Debug|x64.Build.0 = Debug|Any CPU
		{D3F024F4-0D7A-4466-8F3C-4B9FCB716823}.Debug|x86.ActiveCfg = Debug|Any CPU
		{D3F024F4-0D7A-4466-8F3C-4B9FCB716823}.Debug|x86.Build.0 = Debug|Any CPU
		{D3F024F4-0D7A-4466-8F3C-4B9FCB716823}.Release|Any CPU.ActiveCfg = Release|Any CPU
		{D3F024F4-0D7A-4466-8F3C-4B9FCB716823}.Release|Any CPU.Build.0 = Release|Any CPU
		{D3F024F4-0D7A-4466-8F3C-4B9FCB716823}.Release|x64.ActiveCfg = Release|Any CPU
		{D3F024F4-0D7A-4466-8F3C-4B9FCB716823}.Release|x64.Build.0 = Release|Any CPU
		{D3F024F4-0D7A-4466-8F3C-4B9FCB716823}.Release|x86.ActiveCfg = Release|Any CPU
		{D3F024F4-0D7A-4466-8F3C-4B9FCB716823}.Release|x86.Build.0 = Release|Any CPU
		{169B6128-9905-4453-AF1B-65D0B387FF08}.Debug|Any CPU.ActiveCfg = Debug|Any CPU
		{169B6128-9905-4453-AF1B-65D0B387FF08}.Debug|Any CPU.Build.0 = Debug|Any CPU
		{169B6128-9905-4453-AF1B-65D0B387FF08}.Debug|x64.ActiveCfg = Debug|Any CPU
		{169B6128-9905-4453-AF1B-65D0B387FF08}.Debug|x64.Build.0 = Debug|Any CPU
		{169B6128-9905-4453-AF1B-65D0B387FF08}.Debug|x86.ActiveCfg = Debug|Any CPU
		{169B6128-9905-4453-AF1B-65D0B387FF08}.Debug|x86.Build.0 = Debug|Any CPU
		{169B6128-9905-4453-AF1B-65D0B387FF08}.Release|Any CPU.ActiveCfg = Release|Any CPU
		{169B6128-9905-4453-AF1B-65D0B387FF08}.Release|Any CPU.Build.0 = Release|Any CPU
		{169B6128-9905-4453-AF1B-65D0B387FF08}.Release|x64.ActiveCfg = Release|Any CPU
		{169B6128-9905-4453-AF1B-65D0B387FF08}.Release|x64.Build.0 = Release|Any CPU
		{169B6128-9905-4453-AF1B-65D0B387FF08}.Release|x86.ActiveCfg = Release|Any CPU
		{169B6128-9905-4453-AF1B-65D0B387FF08}.Release|x86.Build.0 = Release|Any CPU
	EndGlobalSection
	GlobalSection(SolutionProperties) = preSolution
		HideSolutionNode = FALSE
	EndGlobalSection
	GlobalSection(NestedProjects) = preSolution
		{9EBAE4D7-74EF-4395-B9AF-0FDC834AA55A} = {02EA681E-C7D8-13C7-8484-4AC65E1B71E8}
		{86EEE25A-A4CF-4087-BAF5-B422B5309B8F} = {3D7AE22E-BBBC-4962-8440-C8DE3BEB65DE}
		{AD2DCC0F-3B13-4277-AC27-763240871CFF} = {02EA681E-C7D8-13C7-8484-4AC65E1B71E8}
		{090AC79E-60BC-4563-9DB3-343375B920F8} = {3D7AE22E-BBBC-4962-8440-C8DE3BEB65DE}
		{D3F024F4-0D7A-4466-8F3C-4B9FCB716823} = {02EA681E-C7D8-13C7-8484-4AC65E1B71E8}
		{02EA681E-C7D8-13C7-8484-4AC65E1B71E8} = {D5CB37F6-54E7-4598-A606-E57A370969E1}
		{68B66CC5-808C-41BA-92A7-A7E9A8D1BBE5} = {D5CB37F6-54E7-4598-A606-E57A370969E1}
		{3D7AE22E-BBBC-4962-8440-C8DE3BEB65DE} = {02EA681E-C7D8-13C7-8484-4AC65E1B71E8}
		{28A6993C-471E-82FE-7D9E-AD3B1EC22BD9} = {68B66CC5-808C-41BA-92A7-A7E9A8D1BBE5}
		{6E4630D2-7E0C-4E55-9C41-1B4D7B6D8A51} = {68B66CC5-808C-41BA-92A7-A7E9A8D1BBE5}
		{169B6128-9905-4453-AF1B-65D0B387FF08} = {28A6993C-471E-82FE-7D9E-AD3B1EC22BD9}
	EndGlobalSection
	GlobalSection(ExtensibilityGlobals) = postSolution
		SolutionGuid = {AD991039-B170-4CF5-97C3-356C8B7BAD67}
	EndGlobalSection
EndGlobal
